
Microsoft Visual Studio Solution File, Format Version 12.00
# Visual Studio Express 2013 for Windows Desktop
VisualStudioVersion = 12.0.21005.1
MinimumVisualStudioVersion = 10.0.40219.1
Project("{FAE04EC0-301F-11D3-BF4B-00C04F79EFBC}") = "se.skoggy.entity", "se.skoggy.entity\se.skoggy.entity.csproj", "{F7DEE747-B642-47B5-AF0C-50B8942F30F9}"
EndProject
Project("{FAE04EC0-301F-11D3-BF4B-00C04F79EFBC}") = "EntityExample", "EntityExample\EntityExample.csproj", "{2F376D96-13A5-4D27-A70B-0D7155CA5BA1}"
EndProject
Global
	GlobalSection(SolutionConfigurationPlatforms) = preSolution
		Debug|Any CPU = Debug|Any CPU
		Release|Any CPU = Release|Any CPU
	EndGlobalSection
	GlobalSection(ProjectConfigurationPlatforms) = postSolution
		{F7DEE747-B642-47B5-AF0C-50B8942F30F9}.Debug|Any CPU.ActiveCfg = Debug|Any CPU
		{F7DEE747-B642-47B5-AF0C-50B8942F30F9}.Debug|Any CPU.Build.0 = Debug|Any CPU
		{F7DEE747-B642-47B5-AF0C-50B8942F30F9}.Release|Any CPU.ActiveCfg = Release|Any CPU
		{F7DEE747-B642-47B5-AF0C-50B8942F30F9}.Release|Any CPU.Build.0 = Release|Any CPU
		{2F376D96-13A5-4D27-A70B-0D7155CA5BA1}.Debug|Any CPU.ActiveCfg = Debug|Any CPU
		{2F376D96-13A5-4D27-A70B-0D7155CA5BA1}.Debug|Any CPU.Build.0 = Debug|Any CPU
		{2F376D96-13A5-4D27-A70B-0D7155CA5BA1}.Release|Any CPU.ActiveCfg = Release|Any CPU
		{2F376D96-13A5-4D27-A70B-0D7155CA5BA1}.Release|Any CPU.Build.0 = Release|Any CPU
	EndGlobalSection
	GlobalSection(SolutionProperties) = preSolution
		HideSolutionNode = FALSE
	EndGlobalSection
EndGlobal
